
Microsoft Visual Studio Solution File, Format Version 12.00
# Visual Studio Version 17
VisualStudioVersion = 17.3.32819.101
MinimumVisualStudioVersion = 10.0.40219.1
Project("{FAE04EC0-301F-11D3-BF4B-00C04F79EFBC}") = "Exercise9", "Exercise9\Exercise9.csproj", "{DE458145-B02B-4228-B2EC-4A6303EE3814}"
EndProject
Global
	GlobalSection(SolutionConfigurationPlatforms) = preSolution
		Debug|Any CPU = Debug|Any CPU
		Release|Any CPU = Release|Any CPU
	EndGlobalSection
	GlobalSection(ProjectConfigurationPlatforms) = postSolution
		{DE458145-B02B-4228-B2EC-4A6303EE3814}.Debug|Any CPU.ActiveCfg = Debug|Any CPU
		{DE458145-B02B-4228-B2EC-4A6303EE3814}.Debug|Any CPU.Build.0 = Debug|Any CPU
		{DE458145-B02B-4228-B2EC-4A6303EE3814}.Release|Any CPU.ActiveCfg = Release|Any CPU
		{DE458145-B02B-4228-B2EC-4A6303EE3814}.Release|Any CPU.Build.0 = Release|Any CPU
	EndGlobalSection
	GlobalSection(SolutionProperties) = preSolution
		HideSolutionNode = FALSE
	EndGlobalSection
	GlobalSection(ExtensibilityGlobals) = postSolution
		SolutionGuid = {058A2D77-A859-489A-8BB8-D0BAE2A44CAA}
	EndGlobalSection
EndGlobal
